// !$*UTF8*$!
{
	archiveVersion = 1;
	classes = {
	};
	objectVersion = 46;
	objects = {

/* Begin PBXBuildFile section */
		CD53E4151BB70BF300943051 /* Photo.swift in Sources */ = {isa = PBXBuildFile; fileRef = CD53E4141BB70BF300943051 /* Photo.swift */; settings = {ASSET_TAGS = (); }; };
		CD73B5B91BB5C0B10083CB75 /* Annotation.swift in Sources */ = {isa = PBXBuildFile; fileRef = CD73B5B81BB5C0B10083CB75 /* Annotation.swift */; settings = {ASSET_TAGS = (); }; };
		CD73B5BB1BB5CB070083CB75 /* EventDetailsViewController.swift in Sources */ = {isa = PBXBuildFile; fileRef = CD73B5BA1BB5CB070083CB75 /* EventDetailsViewController.swift */; settings = {ASSET_TAGS = (); }; };
		CD73B5BE1BB62C6A0083CB75 /* NavigationController.swift in Sources */ = {isa = PBXBuildFile; fileRef = CD73B5BD1BB62C6A0083CB75 /* NavigationController.swift */; settings = {ASSET_TAGS = (); }; };
		CD86BFFC1BB488B8002BE1E3 /* DataManager.swift in Sources */ = {isa = PBXBuildFile; fileRef = CD86BFFB1BB488B8002BE1E3 /* DataManager.swift */; settings = {ASSET_TAGS = (); }; };
		CD86C0011BB48BF1002BE1E3 /* config.plist in Resources */ = {isa = PBXBuildFile; fileRef = CD86C0001BB48BF1002BE1E3 /* config.plist */; settings = {ASSET_TAGS = (); }; };
		CD86C0041BB48CE6002BE1E3 /* ApplicationConfiguration.swift in Sources */ = {isa = PBXBuildFile; fileRef = CD86C0031BB48CE6002BE1E3 /* ApplicationConfiguration.swift */; settings = {ASSET_TAGS = (); }; };
		CD86C0061BB49E53002BE1E3 /* Group.swift in Sources */ = {isa = PBXBuildFile; fileRef = CD86C0051BB49E53002BE1E3 /* Group.swift */; settings = {ASSET_TAGS = (); }; };
		CD86C0081BB49E6C002BE1E3 /* Venue.swift in Sources */ = {isa = PBXBuildFile; fileRef = CD86C0071BB49E6C002BE1E3 /* Venue.swift */; settings = {ASSET_TAGS = (); }; };
		CD86C00A1BB4D66D002BE1E3 /* UIKit.framework in Frameworks */ = {isa = PBXBuildFile; fileRef = CD86C0091BB4D66D002BE1E3 /* UIKit.framework */; };
		CD86C00C1BB4D676002BE1E3 /* CFNetwork.framework in Frameworks */ = {isa = PBXBuildFile; fileRef = CD86C00B1BB4D676002BE1E3 /* CFNetwork.framework */; };
		CD86C00E1BB4D685002BE1E3 /* CoreData.framework in Frameworks */ = {isa = PBXBuildFile; fileRef = CD86C00D1BB4D685002BE1E3 /* CoreData.framework */; };
		CD86C0101BB4D693002BE1E3 /* Security.framework in Frameworks */ = {isa = PBXBuildFile; fileRef = CD86C00F1BB4D693002BE1E3 /* Security.framework */; };
		CD86C0121BB4D69F002BE1E3 /* SystemConfiguration.framework in Frameworks */ = {isa = PBXBuildFile; fileRef = CD86C0111BB4D69F002BE1E3 /* SystemConfiguration.framework */; };
		CD86C0141BB4D6AD002BE1E3 /* Foundation.framework in Frameworks */ = {isa = PBXBuildFile; fileRef = CD86C0131BB4D6AD002BE1E3 /* Foundation.framework */; };
		CD86C0161BB4D6DC002BE1E3 /* MobileCoreServices.framework in Frameworks */ = {isa = PBXBuildFile; fileRef = CD86C0151BB4D6DC002BE1E3 /* MobileCoreServices.framework */; };
		CD86C0181BB4D6EC002BE1E3 /* QuartzCore.framework in Frameworks */ = {isa = PBXBuildFile; fileRef = CD86C0171BB4D6EC002BE1E3 /* QuartzCore.framework */; };
		CD8F2BA01BB4FC4300A6142E /* Utils.swift in Sources */ = {isa = PBXBuildFile; fileRef = CD8F2B9F1BB4FC4300A6142E /* Utils.swift */; settings = {ASSET_TAGS = (); }; };
		CDAFDD541BB71921006749C5 /* ImageIO.framework in Frameworks */ = {isa = PBXBuildFile; fileRef = CDAFDD531BB71921006749C5 /* ImageIO.framework */; };
		CDAFDD5D1BB8DA73006749C5 /* Topic.swift in Sources */ = {isa = PBXBuildFile; fileRef = CDAFDD5C1BB8DA73006749C5 /* Topic.swift */; settings = {ASSET_TAGS = (); }; };
		CDCE574F1BB9B1EE0004C1CB /* PreviewViewController.swift in Sources */ = {isa = PBXBuildFile; fileRef = CDCE574E1BB9B1EE0004C1CB /* PreviewViewController.swift */; settings = {ASSET_TAGS = (); }; };
		CDCE57531BB9B6510004C1CB /* EventCalendarService.swift in Sources */ = {isa = PBXBuildFile; fileRef = CDCE57521BB9B6510004C1CB /* EventCalendarService.swift */; settings = {ASSET_TAGS = (); }; };
		CDED626F1BB37A6D00106BAD /* AppDelegate.swift in Sources */ = {isa = PBXBuildFile; fileRef = CDED626E1BB37A6D00106BAD /* AppDelegate.swift */; };
		CDED62741BB37A6D00106BAD /* Main.storyboard in Resources */ = {isa = PBXBuildFile; fileRef = CDED62721BB37A6D00106BAD /* Main.storyboard */; };
		CDED62761BB37A6D00106BAD /* Assets.xcassets in Resources */ = {isa = PBXBuildFile; fileRef = CDED62751BB37A6D00106BAD /* Assets.xcassets */; };
		CDED62791BB37A6D00106BAD /* LaunchScreen.storyboard in Resources */ = {isa = PBXBuildFile; fileRef = CDED62771BB37A6D00106BAD /* LaunchScreen.storyboard */; };
		CDED62881BB396D800106BAD /* MapViewController.swift in Sources */ = {isa = PBXBuildFile; fileRef = CDED62871BB396D800106BAD /* MapViewController.swift */; settings = {ASSET_TAGS = (); }; };
		CDED628A1BB396F000106BAD /* NearMeViewController.swift in Sources */ = {isa = PBXBuildFile; fileRef = CDED62891BB396F000106BAD /* NearMeViewController.swift */; settings = {ASSET_TAGS = (); }; };
		CDED628C1BB39C1C00106BAD /* EventTableViewCell.swift in Sources */ = {isa = PBXBuildFile; fileRef = CDED628B1BB39C1C00106BAD /* EventTableViewCell.swift */; settings = {ASSET_TAGS = (); }; };
		CDED62921BB39D3E00106BAD /* Event.swift in Sources */ = {isa = PBXBuildFile; fileRef = CDED62911BB39D3E00106BAD /* Event.swift */; settings = {ASSET_TAGS = (); }; };
		CDED62941BB39FF100106BAD /* BaseViewController.swift in Sources */ = {isa = PBXBuildFile; fileRef = CDED62931BB39FF100106BAD /* BaseViewController.swift */; settings = {ASSET_TAGS = (); }; };
		CDED62981BB3A93400106BAD /* TabBarController.swift in Sources */ = {isa = PBXBuildFile; fileRef = CDED62971BB3A93400106BAD /* TabBarController.swift */; settings = {ASSET_TAGS = (); }; };
		CDF949F41BB9CEDB0015B755 /* BaseEventDetailsViewController.swift in Sources */ = {isa = PBXBuildFile; fileRef = CDF949F31BB9CEDB0015B755 /* BaseEventDetailsViewController.swift */; settings = {ASSET_TAGS = (); }; };
		FE0D2D9676E1C49CEEBEA0FC /* libPods-Meetup Finder.a in Frameworks */ = {isa = PBXBuildFile; fileRef = 248D4A8B10568F6F5F5C6090 /* libPods-Meetup Finder.a */; };
/* End PBXBuildFile section */

/* Begin PBXFileReference section */
		0E1C37B5202A2B79F29B8D51 /* Pods-Meetup Finder.release.xcconfig */ = {isa = PBXFileReference; includeInIndex = 1; lastKnownFileType = text.xcconfig; name = "Pods-Meetup Finder.release.xcconfig"; path = "Pods/Target Support Files/Pods-Meetup Finder/Pods-Meetup Finder.release.xcconfig"; sourceTree = "<group>"; };
		248D4A8B10568F6F5F5C6090 /* libPods-Meetup Finder.a */ = {isa = PBXFileReference; explicitFileType = archive.ar; includeInIndex = 0; path = "libPods-Meetup Finder.a"; sourceTree = BUILT_PRODUCTS_DIR; };
		6D03CE06D6A71F554DE2FAF6 /* Pods-Meetup Finder.debug.xcconfig */ = {isa = PBXFileReference; includeInIndex = 1; lastKnownFileType = text.xcconfig; name = "Pods-Meetup Finder.debug.xcconfig"; path = "Pods/Target Support Files/Pods-Meetup Finder/Pods-Meetup Finder.debug.xcconfig"; sourceTree = "<group>"; };
		CD53E4141BB70BF300943051 /* Photo.swift */ = {isa = PBXFileReference; fileEncoding = 4; lastKnownFileType = sourcecode.swift; path = Photo.swift; sourceTree = "<group>"; };
		CD73B5B81BB5C0B10083CB75 /* Annotation.swift */ = {isa = PBXFileReference; fileEncoding = 4; lastKnownFileType = sourcecode.swift; path = Annotation.swift; sourceTree = "<group>"; };
		CD73B5BA1BB5CB070083CB75 /* EventDetailsViewController.swift */ = {isa = PBXFileReference; fileEncoding = 4; lastKnownFileType = sourcecode.swift; path = EventDetailsViewController.swift; sourceTree = "<group>"; };
		CD73B5BD1BB62C6A0083CB75 /* NavigationController.swift */ = {isa = PBXFileReference; fileEncoding = 4; lastKnownFileType = sourcecode.swift; path = NavigationController.swift; sourceTree = "<group>"; };
		CD86BFFB1BB488B8002BE1E3 /* DataManager.swift */ = {isa = PBXFileReference; fileEncoding = 4; lastKnownFileType = sourcecode.swift; path = DataManager.swift; sourceTree = "<group>"; };
		CD86C0001BB48BF1002BE1E3 /* config.plist */ = {isa = PBXFileReference; fileEncoding = 4; lastKnownFileType = text.plist.xml; path = config.plist; sourceTree = "<group>"; };
		CD86C0031BB48CE6002BE1E3 /* ApplicationConfiguration.swift */ = {isa = PBXFileReference; fileEncoding = 4; lastKnownFileType = sourcecode.swift; path = ApplicationConfiguration.swift; sourceTree = "<group>"; };
		CD86C0051BB49E53002BE1E3 /* Group.swift */ = {isa = PBXFileReference; fileEncoding = 4; lastKnownFileType = sourcecode.swift; path = Group.swift; sourceTree = "<group>"; };
		CD86C0071BB49E6C002BE1E3 /* Venue.swift */ = {isa = PBXFileReference; fileEncoding = 4; lastKnownFileType = sourcecode.swift; path = Venue.swift; sourceTree = "<group>"; };
		CD86C0091BB4D66D002BE1E3 /* UIKit.framework */ = {isa = PBXFileReference; lastKnownFileType = wrapper.framework; name = UIKit.framework; path = System/Library/Frameworks/UIKit.framework; sourceTree = SDKROOT; };
		CD86C00B1BB4D676002BE1E3 /* CFNetwork.framework */ = {isa = PBXFileReference; lastKnownFileType = wrapper.framework; name = CFNetwork.framework; path = System/Library/Frameworks/CFNetwork.framework; sourceTree = SDKROOT; };
		CD86C00D1BB4D685002BE1E3 /* CoreData.framework */ = {isa = PBXFileReference; lastKnownFileType = wrapper.framework; name = CoreData.framework; path = System/Library/Frameworks/CoreData.framework; sourceTree = SDKROOT; };
		CD86C00F1BB4D693002BE1E3 /* Security.framework */ = {isa = PBXFileReference; lastKnownFileType = wrapper.framework; name = Security.framework; path = System/Library/Frameworks/Security.framework; sourceTree = SDKROOT; };
		CD86C0111BB4D69F002BE1E3 /* SystemConfiguration.framework */ = {isa = PBXFileReference; lastKnownFileType = wrapper.framework; name = SystemConfiguration.framework; path = System/Library/Frameworks/SystemConfiguration.framework; sourceTree = SDKROOT; };
		CD86C0131BB4D6AD002BE1E3 /* Foundation.framework */ = {isa = PBXFileReference; lastKnownFileType = wrapper.framework; name = Foundation.framework; path = System/Library/Frameworks/Foundation.framework; sourceTree = SDKROOT; };
		CD86C0151BB4D6DC002BE1E3 /* MobileCoreServices.framework */ = {isa = PBXFileReference; lastKnownFileType = wrapper.framework; name = MobileCoreServices.framework; path = System/Library/Frameworks/MobileCoreServices.framework; sourceTree = SDKROOT; };
		CD86C0171BB4D6EC002BE1E3 /* QuartzCore.framework */ = {isa = PBXFileReference; lastKnownFileType = wrapper.framework; name = QuartzCore.framework; path = System/Library/Frameworks/QuartzCore.framework; sourceTree = SDKROOT; };
		CD8F2B9F1BB4FC4300A6142E /* Utils.swift */ = {isa = PBXFileReference; fileEncoding = 4; lastKnownFileType = sourcecode.swift; path = Utils.swift; sourceTree = "<group>"; };
		CDAFDD531BB71921006749C5 /* ImageIO.framework */ = {isa = PBXFileReference; lastKnownFileType = wrapper.framework; name = ImageIO.framework; path = System/Library/Frameworks/ImageIO.framework; sourceTree = SDKROOT; };
		CDAFDD5C1BB8DA73006749C5 /* Topic.swift */ = {isa = PBXFileReference; fileEncoding = 4; lastKnownFileType = sourcecode.swift; path = Topic.swift; sourceTree = "<group>"; };
		CDCE574E1BB9B1EE0004C1CB /* PreviewViewController.swift */ = {isa = PBXFileReference; fileEncoding = 4; lastKnownFileType = sourcecode.swift; path = PreviewViewController.swift; sourceTree = "<group>"; };
		CDCE57521BB9B6510004C1CB /* EventCalendarService.swift */ = {isa = PBXFileReference; fileEncoding = 4; lastKnownFileType = sourcecode.swift; path = EventCalendarService.swift; sourceTree = "<group>"; };
		CDED626B1BB37A6D00106BAD /* Meetup Finder.app */ = {isa = PBXFileReference; explicitFileType = wrapper.application; includeInIndex = 0; path = "Meetup Finder.app"; sourceTree = BUILT_PRODUCTS_DIR; };
		CDED626E1BB37A6D00106BAD /* AppDelegate.swift */ = {isa = PBXFileReference; lastKnownFileType = sourcecode.swift; path = AppDelegate.swift; sourceTree = "<group>"; };
		CDED62731BB37A6D00106BAD /* Base */ = {isa = PBXFileReference; lastKnownFileType = file.storyboard; name = Base; path = Base.lproj/Main.storyboard; sourceTree = "<group>"; };
		CDED62751BB37A6D00106BAD /* Assets.xcassets */ = {isa = PBXFileReference; lastKnownFileType = folder.assetcatalog; path = Assets.xcassets; sourceTree = "<group>"; };
		CDED62781BB37A6D00106BAD /* Base */ = {isa = PBXFileReference; lastKnownFileType = file.storyboard; name = Base; path = Base.lproj/LaunchScreen.storyboard; sourceTree = "<group>"; };
		CDED627A1BB37A6D00106BAD /* Info.plist */ = {isa = PBXFileReference; lastKnownFileType = text.plist.xml; path = Info.plist; sourceTree = "<group>"; };
		CDED62831BB389EE00106BAD /* Meetup Finder-Bridging-Header.h */ = {isa = PBXFileReference; lastKnownFileType = sourcecode.c.h; path = "Meetup Finder-Bridging-Header.h"; sourceTree = "<group>"; };
		CDED62871BB396D800106BAD /* MapViewController.swift */ = {isa = PBXFileReference; fileEncoding = 4; lastKnownFileType = sourcecode.swift; path = MapViewController.swift; sourceTree = "<group>"; };
		CDED62891BB396F000106BAD /* NearMeViewController.swift */ = {isa = PBXFileReference; fileEncoding = 4; lastKnownFileType = sourcecode.swift; path = NearMeViewController.swift; sourceTree = "<group>"; };
		CDED628B1BB39C1C00106BAD /* EventTableViewCell.swift */ = {isa = PBXFileReference; fileEncoding = 4; lastKnownFileType = sourcecode.swift; path = EventTableViewCell.swift; sourceTree = "<group>"; };
		CDED62911BB39D3E00106BAD /* Event.swift */ = {isa = PBXFileReference; fileEncoding = 4; lastKnownFileType = sourcecode.swift; path = Event.swift; sourceTree = "<group>"; };
		CDED62931BB39FF100106BAD /* BaseViewController.swift */ = {isa = PBXFileReference; fileEncoding = 4; lastKnownFileType = sourcecode.swift; path = BaseViewController.swift; sourceTree = "<group>"; };
		CDED62971BB3A93400106BAD /* TabBarController.swift */ = {isa = PBXFileReference; fileEncoding = 4; lastKnownFileType = sourcecode.swift; path = TabBarController.swift; sourceTree = "<group>"; };
		CDF949F31BB9CEDB0015B755 /* BaseEventDetailsViewController.swift */ = {isa = PBXFileReference; fileEncoding = 4; lastKnownFileType = sourcecode.swift; path = BaseEventDetailsViewController.swift; sourceTree = "<group>"; };
/* End PBXFileReference section */

/* Begin PBXFrameworksBuildPhase section */
		CDED62681BB37A6D00106BAD /* Frameworks */ = {
			isa = PBXFrameworksBuildPhase;
			buildActionMask = 2147483647;
			files = (
				CDAFDD541BB71921006749C5 /* ImageIO.framework in Frameworks */,
				CD86C0181BB4D6EC002BE1E3 /* QuartzCore.framework in Frameworks */,
				CD86C0161BB4D6DC002BE1E3 /* MobileCoreServices.framework in Frameworks */,
				CD86C0141BB4D6AD002BE1E3 /* Foundation.framework in Frameworks */,
				CD86C0121BB4D69F002BE1E3 /* SystemConfiguration.framework in Frameworks */,
				CD86C0101BB4D693002BE1E3 /* Security.framework in Frameworks */,
				CD86C00E1BB4D685002BE1E3 /* CoreData.framework in Frameworks */,
				CD86C00C1BB4D676002BE1E3 /* CFNetwork.framework in Frameworks */,
				CD86C00A1BB4D66D002BE1E3 /* UIKit.framework in Frameworks */,
				FE0D2D9676E1C49CEEBEA0FC /* libPods-Meetup Finder.a in Frameworks */,
			);
			runOnlyForDeploymentPostprocessing = 0;
		};
/* End PBXFrameworksBuildPhase section */

/* Begin PBXGroup section */
		A226617703EF10390F533B60 /* Frameworks */ = {
			isa = PBXGroup;
			children = (
				CDAFDD531BB71921006749C5 /* ImageIO.framework */,
				CD86C0171BB4D6EC002BE1E3 /* QuartzCore.framework */,
				CD86C0151BB4D6DC002BE1E3 /* MobileCoreServices.framework */,
				CD86C0131BB4D6AD002BE1E3 /* Foundation.framework */,
				CD86C0111BB4D69F002BE1E3 /* SystemConfiguration.framework */,
				CD86C00F1BB4D693002BE1E3 /* Security.framework */,
				CD86C00D1BB4D685002BE1E3 /* CoreData.framework */,
				CD86C00B1BB4D676002BE1E3 /* CFNetwork.framework */,
				CD86C0091BB4D66D002BE1E3 /* UIKit.framework */,
				248D4A8B10568F6F5F5C6090 /* libPods-Meetup Finder.a */,
			);
			name = Frameworks;
			sourceTree = "<group>";
		};
		CD86BFFD1BB48BAC002BE1E3 /* config */ = {
			isa = PBXGroup;
			children = (
				CD86C0001BB48BF1002BE1E3 /* config.plist */,
			);
			name = config;
			sourceTree = "<group>";
		};
		CD86C0021BB48CCC002BE1E3 /* utils */ = {
			isa = PBXGroup;
			children = (
				CD86C0031BB48CE6002BE1E3 /* ApplicationConfiguration.swift */,
				CD8F2B9F1BB4FC4300A6142E /* Utils.swift */,
			);
			name = utils;
			sourceTree = "<group>";
		};
		CDCE57511BB9B62D0004C1CB /* core */ = {
			isa = PBXGroup;
			children = (
				CDCE57521BB9B6510004C1CB /* EventCalendarService.swift */,
			);
			name = core;
			sourceTree = "<group>";
		};
		CDED62621BB37A6D00106BAD = {
			isa = PBXGroup;
			children = (
				CDED626D1BB37A6D00106BAD /* Meetup Finder */,
				CDED626C1BB37A6D00106BAD /* Products */,
				E8EC498A51A92161556B490C /* Pods */,
				A226617703EF10390F533B60 /* Frameworks */,
			);
			sourceTree = "<group>";
		};
		CDED626C1BB37A6D00106BAD /* Products */ = {
			isa = PBXGroup;
			children = (
				CDED626B1BB37A6D00106BAD /* Meetup Finder.app */,
			);
			name = Products;
			sourceTree = "<group>";
		};
		CDED626D1BB37A6D00106BAD /* Meetup Finder */ = {
			isa = PBXGroup;
			children = (
				CDCE57511BB9B62D0004C1CB /* core */,
				CD86C0021BB48CCC002BE1E3 /* utils */,
				CD86BFFD1BB48BAC002BE1E3 /* config */,
				CDED628F1BB39D1D00106BAD /* model */,
				CD86BFFB1BB488B8002BE1E3 /* DataManager.swift */,
				CDED62831BB389EE00106BAD /* Meetup Finder-Bridging-Header.h */,
				CDED626E1BB37A6D00106BAD /* AppDelegate.swift */,
				CD73B5BD1BB62C6A0083CB75 /* NavigationController.swift */,
				CDED62931BB39FF100106BAD /* BaseViewController.swift */,
				CDF949F31BB9CEDB0015B755 /* BaseEventDetailsViewController.swift */,
				CDED62971BB3A93400106BAD /* TabBarController.swift */,
				CDED62891BB396F000106BAD /* NearMeViewController.swift */,
				CD73B5B81BB5C0B10083CB75 /* Annotation.swift */,
				CDED62871BB396D800106BAD /* MapViewController.swift */,
				CD73B5BA1BB5CB070083CB75 /* EventDetailsViewController.swift */,
				CDED628B1BB39C1C00106BAD /* EventTableViewCell.swift */,
				CDCE574E1BB9B1EE0004C1CB /* PreviewViewController.swift */,
				CDED62721BB37A6D00106BAD /* Main.storyboard */,
				CDED62751BB37A6D00106BAD /* Assets.xcassets */,
				CDED62771BB37A6D00106BAD /* LaunchScreen.storyboard */,
				CDED627A1BB37A6D00106BAD /* Info.plist */,
			);
			path = "Meetup Finder";
			sourceTree = "<group>";
		};
		CDED628F1BB39D1D00106BAD /* model */ = {
			isa = PBXGroup;
			children = (
				CDAFDD5C1BB8DA73006749C5 /* Topic.swift */,
				CDED62911BB39D3E00106BAD /* Event.swift */,
				CD86C0051BB49E53002BE1E3 /* Group.swift */,
				CD86C0071BB49E6C002BE1E3 /* Venue.swift */,
				CD53E4141BB70BF300943051 /* Photo.swift */,
			);
			name = model;
			sourceTree = "<group>";
		};
		E8EC498A51A92161556B490C /* Pods */ = {
			isa = PBXGroup;
			children = (
				6D03CE06D6A71F554DE2FAF6 /* Pods-Meetup Finder.debug.xcconfig */,
				0E1C37B5202A2B79F29B8D51 /* Pods-Meetup Finder.release.xcconfig */,
			);
			name = Pods;
			sourceTree = "<group>";
		};
/* End PBXGroup section */

/* Begin PBXNativeTarget section */
		CDED626A1BB37A6D00106BAD /* Meetup Finder */ = {
			isa = PBXNativeTarget;
			buildConfigurationList = CDED627D1BB37A6D00106BAD /* Build configuration list for PBXNativeTarget "Meetup Finder" */;
			buildPhases = (
				3D7A8EC5E2538D7A6E6B0261 /* Check Pods Manifest.lock */,
				CDED62671BB37A6D00106BAD /* Sources */,
				CDED62681BB37A6D00106BAD /* Frameworks */,
				CDED62691BB37A6D00106BAD /* Resources */,
				BE9F918826D0819E8A5340F8 /* Copy Pods Resources */,
			);
			buildRules = (
			);
			dependencies = (
			);
			name = "Meetup Finder";
			productName = "Meetup Finder";
			productReference = CDED626B1BB37A6D00106BAD /* Meetup Finder.app */;
			productType = "com.apple.product-type.application";
		};
/* End PBXNativeTarget section */

/* Begin PBXProject section */
		CDED62631BB37A6D00106BAD /* Project object */ = {
			isa = PBXProject;
			attributes = {
				LastSwiftUpdateCheck = 0700;
				LastUpgradeCheck = 0700;
				ORGANIZATIONNAME = "Paula Ivic";
				TargetAttributes = {
					CDED626A1BB37A6D00106BAD = {
						CreatedOnToolsVersion = 7.0;
					};
				};
			};
			buildConfigurationList = CDED62661BB37A6D00106BAD /* Build configuration list for PBXProject "Meetup Finder" */;
			compatibilityVersion = "Xcode 3.2";
			developmentRegion = English;
			hasScannedForEncodings = 0;
			knownRegions = (
				en,
				Base,
			);
			mainGroup = CDED62621BB37A6D00106BAD;
			productRefGroup = CDED626C1BB37A6D00106BAD /* Products */;
			projectDirPath = "";
			projectRoot = "";
			targets = (
				CDED626A1BB37A6D00106BAD /* Meetup Finder */,
			);
		};
/* End PBXProject section */

/* Begin PBXResourcesBuildPhase section */
		CDED62691BB37A6D00106BAD /* Resources */ = {
			isa = PBXResourcesBuildPhase;
			buildActionMask = 2147483647;
			files = (
				CD86C0011BB48BF1002BE1E3 /* config.plist in Resources */,
				CDED62791BB37A6D00106BAD /* LaunchScreen.storyboard in Resources */,
				CDED62761BB37A6D00106BAD /* Assets.xcassets in Resources */,
				CDED62741BB37A6D00106BAD /* Main.storyboard in Resources */,
			);
			runOnlyForDeploymentPostprocessing = 0;
		};
/* End PBXResourcesBuildPhase section */

/* Begin PBXShellScriptBuildPhase section */
		3D7A8EC5E2538D7A6E6B0261 /* Check Pods Manifest.lock */ = {
			isa = PBXShellScriptBuildPhase;
			buildActionMask = 2147483647;
			files = (
			);
			inputPaths = (
			);
			name = "Check Pods Manifest.lock";
			outputPaths = (
			);
			runOnlyForDeploymentPostprocessing = 0;
			shellPath = /bin/sh;
			shellScript = "diff \"${PODS_ROOT}/../Podfile.lock\" \"${PODS_ROOT}/Manifest.lock\" > /dev/null\nif [[ $? != 0 ]] ; then\n    cat << EOM\nerror: The sandbox is not in sync with the Podfile.lock. Run 'pod install' or update your CocoaPods installation.\nEOM\n    exit 1\nfi\n";
			showEnvVarsInLog = 0;
		};
		BE9F918826D0819E8A5340F8 /* Copy Pods Resources */ = {
			isa = PBXShellScriptBuildPhase;
			buildActionMask = 2147483647;
			files = (
			);
			inputPaths = (
			);
			name = "Copy Pods Resources";
			outputPaths = (
			);
			runOnlyForDeploymentPostprocessing = 0;
			shellPath = /bin/sh;
			shellScript = "\"${SRCROOT}/Pods/Target Support Files/Pods-Meetup Finder/Pods-Meetup Finder-resources.sh\"\n";
			showEnvVarsInLog = 0;
		};
/* End PBXShellScriptBuildPhase section */

/* Begin PBXSourcesBuildPhase section */
		CDED62671BB37A6D00106BAD /* Sources */ = {
			isa = PBXSourcesBuildPhase;
			buildActionMask = 2147483647;
			files = (
				CD86C0041BB48CE6002BE1E3 /* ApplicationConfiguration.swift in Sources */,
				CDED628C1BB39C1C00106BAD /* EventTableViewCell.swift in Sources */,
				CD86BFFC1BB488B8002BE1E3 /* DataManager.swift in Sources */,
				CD86C0061BB49E53002BE1E3 /* Group.swift in Sources */,
				CDCE57531BB9B6510004C1CB /* EventCalendarService.swift in Sources */,
				CDF949F41BB9CEDB0015B755 /* BaseEventDetailsViewController.swift in Sources */,
				CD86C0081BB49E6C002BE1E3 /* Venue.swift in Sources */,
				CD8F2BA01BB4FC4300A6142E /* Utils.swift in Sources */,
				CD73B5BB1BB5CB070083CB75 /* EventDetailsViewController.swift in Sources */,
				CDED62981BB3A93400106BAD /* TabBarController.swift in Sources */,
				CDED626F1BB37A6D00106BAD /* AppDelegate.swift in Sources */,
				CD73B5BE1BB62C6A0083CB75 /* NavigationController.swift in Sources */,
				CD53E4151BB70BF300943051 /* Photo.swift in Sources */,
				CDED628A1BB396F000106BAD /* NearMeViewController.swift in Sources */,
				CDED62881BB396D800106BAD /* MapViewController.swift in Sources */,
				CDED62921BB39D3E00106BAD /* Event.swift in Sources */,
				CDED62941BB39FF100106BAD /* BaseViewController.swift in Sources */,
				CD73B5B91BB5C0B10083CB75 /* Annotation.swift in Sources */,
				CDAFDD5D1BB8DA73006749C5 /* Topic.swift in Sources */,
				CDCE574F1BB9B1EE0004C1CB /* PreviewViewController.swift in Sources */,
			);
			runOnlyForDeploymentPostprocessing = 0;
		};
/* End PBXSourcesBuildPhase section */

/* Begin PBXVariantGroup section */
		CDED62721BB37A6D00106BAD /* Main.storyboard */ = {
			isa = PBXVariantGroup;
			children = (
				CDED62731BB37A6D00106BAD /* Base */,
			);
			name = Main.storyboard;
			sourceTree = "<group>";
		};
		CDED62771BB37A6D00106BAD /* LaunchScreen.storyboard */ = {
			isa = PBXVariantGroup;
			children = (
				CDED62781BB37A6D00106BAD /* Base */,
			);
			name = LaunchScreen.storyboard;
			sourceTree = "<group>";
		};
/* End PBXVariantGroup section */

/* Begin XCBuildConfiguration section */
		CDED627B1BB37A6D00106BAD /* Debug */ = {
			isa = XCBuildConfiguration;
			buildSettings = {
				ALWAYS_SEARCH_USER_PATHS = NO;
				CLANG_CXX_LANGUAGE_STANDARD = "gnu++0x";
				CLANG_CXX_LIBRARY = "libc++";
				CLANG_ENABLE_MODULES = YES;
				CLANG_ENABLE_OBJC_ARC = YES;
				CLANG_WARN_BOOL_CONVERSION = YES;
				CLANG_WARN_CONSTANT_CONVERSION = YES;
				CLANG_WARN_DIRECT_OBJC_ISA_USAGE = YES_ERROR;
				CLANG_WARN_EMPTY_BODY = YES;
				CLANG_WARN_ENUM_CONVERSION = YES;
				CLANG_WARN_INT_CONVERSION = YES;
				CLANG_WARN_OBJC_ROOT_CLASS = YES_ERROR;
				CLANG_WARN_UNREACHABLE_CODE = YES;
				CLANG_WARN__DUPLICATE_METHOD_MATCH = YES;
				CODE_SIGN_IDENTITY = "";
				"CODE_SIGN_IDENTITY[sdk=iphoneos*]" = "";
				COPY_PHASE_STRIP = NO;
				DEBUG_INFORMATION_FORMAT = dwarf;
				ENABLE_STRICT_OBJC_MSGSEND = YES;
				ENABLE_TESTABILITY = YES;
				GCC_C_LANGUAGE_STANDARD = gnu99;
				GCC_DYNAMIC_NO_PIC = NO;
				GCC_NO_COMMON_BLOCKS = YES;
				GCC_OPTIMIZATION_LEVEL = 0;
				GCC_PREPROCESSOR_DEFINITIONS = (
					"DEBUG=1",
					"$(inherited)",
				);
				GCC_WARN_64_TO_32_BIT_CONVERSION = YES;
				GCC_WARN_ABOUT_RETURN_TYPE = YES_ERROR;
				GCC_WARN_UNDECLARED_SELECTOR = YES;
				GCC_WARN_UNINITIALIZED_AUTOS = YES_AGGRESSIVE;
				GCC_WARN_UNUSED_FUNCTION = YES;
				GCC_WARN_UNUSED_VARIABLE = YES;
				IPHONEOS_DEPLOYMENT_TARGET = 9.0;
				MTL_ENABLE_DEBUG_INFO = YES;
				ONLY_ACTIVE_ARCH = YES;
				PROVISIONING_PROFILE = "";
				SDKROOT = iphoneos;
				SWIFT_OPTIMIZATION_LEVEL = "-Onone";
			};
			name = Debug;
		};
		CDED627C1BB37A6D00106BAD /* Release */ = {
			isa = XCBuildConfiguration;
			buildSettings = {
				ALWAYS_SEARCH_USER_PATHS = NO;
				CLANG_CXX_LANGUAGE_STANDARD = "gnu++0x";
				CLANG_CXX_LIBRARY = "libc++";
				CLANG_ENABLE_MODULES = YES;
				CLANG_ENABLE_OBJC_ARC = YES;
				CLANG_WARN_BOOL_CONVERSION = YES;
				CLANG_WARN_CONSTANT_CONVERSION = YES;
				CLANG_WARN_DIRECT_OBJC_ISA_USAGE = YES_ERROR;
				CLANG_WARN_EMPTY_BODY = YES;
				CLANG_WARN_ENUM_CONVERSION = YES;
				CLANG_WARN_INT_CONVERSION = YES;
				CLANG_WARN_OBJC_ROOT_CLASS = YES_ERROR;
				CLANG_WARN_UNREACHABLE_CODE = YES;
				CLANG_WARN__DUPLICATE_METHOD_MATCH = YES;
				CODE_SIGN_IDENTITY = "";
				"CODE_SIGN_IDENTITY[sdk=iphoneos*]" = "";
				COPY_PHASE_STRIP = NO;
				DEBUG_INFORMATION_FORMAT = "dwarf-with-dsym";
				ENABLE_NS_ASSERTIONS = NO;
				ENABLE_STRICT_OBJC_MSGSEND = YES;
				GCC_C_LANGUAGE_STANDARD = gnu99;
				GCC_NO_COMMON_BLOCKS = YES;
				GCC_WARN_64_TO_32_BIT_CONVERSION = YES;
				GCC_WARN_ABOUT_RETURN_TYPE = YES_ERROR;
				GCC_WARN_UNDECLARED_SELECTOR = YES;
				GCC_WARN_UNINITIALIZED_AUTOS = YES_AGGRESSIVE;
				GCC_WARN_UNUSED_FUNCTION = YES;
				GCC_WARN_UNUSED_VARIABLE = YES;
				IPHONEOS_DEPLOYMENT_TARGET = 9.0;
				MTL_ENABLE_DEBUG_INFO = NO;
				PROVISIONING_PROFILE = "";
				SDKROOT = iphoneos;
				VALIDATE_PRODUCT = YES;
			};
			name = Release;
		};
		CDED627E1BB37A6D00106BAD /* Debug */ = {
			isa = XCBuildConfiguration;
			baseConfigurationReference = 6D03CE06D6A71F554DE2FAF6 /* Pods-Meetup Finder.debug.xcconfig */;
			buildSettings = {
				ASSETCATALOG_COMPILER_APPICON_NAME = AppIcon;
				CLANG_ENABLE_MODULES = YES;
				CODE_SIGN_IDENTITY = "iPhone Developer";
				INFOPLIST_FILE = "Meetup Finder/Info.plist";
				LD_RUNPATH_SEARCH_PATHS = "$(inherited) @executable_path/Frameworks";
				PRODUCT_BUNDLE_IDENTIFIER = "com.ivic.Meetup-Finder";
				PRODUCT_NAME = "$(TARGET_NAME)";
				PROVISIONING_PROFILE = "";
				SWIFT_OBJC_BRIDGING_HEADER = "Meetup Finder/Meetup Finder-Bridging-Header.h";
				SWIFT_OPTIMIZATION_LEVEL = "-Onone";
			};
			name = Debug;
		};
		CDED627F1BB37A6D00106BAD /* Release */ = {
			isa = XCBuildConfiguration;
			baseConfigurationReference = 0E1C37B5202A2B79F29B8D51 /* Pods-Meetup Finder.release.xcconfig */;
			buildSettings = {
				ASSETCATALOG_COMPILER_APPICON_NAME = AppIcon;
				CLANG_ENABLE_MODULES = YES;
				CODE_SIGN_IDENTITY = "iPhone Developer";
				INFOPLIST_FILE = "Meetup Finder/Info.plist";
				LD_RUNPATH_SEARCH_PATHS = "$(inherited) @executable_path/Frameworks";
				PRODUCT_BUNDLE_IDENTIFIER = "com.ivic.Meetup-Finder";
				PRODUCT_NAME = "$(TARGET_NAME)";
				PROVISIONING_PROFILE = "";
				SWIFT_OBJC_BRIDGING_HEADER = "Meetup Finder/Meetup Finder-Bridging-Header.h";
			};
			name = Release;
		};
/* End XCBuildConfiguration section */

/* Begin XCConfigurationList section */
		CDED62661BB37A6D00106BAD /* Build configuration list for PBXProject "Meetup Finder" */ = {
			isa = XCConfigurationList;
			buildConfigurations = (
				CDED627B1BB37A6D00106BAD /* Debug */,
				CDED627C1BB37A6D00106BAD /* Release */,
			);
			defaultConfigurationIsVisible = 0;
			defaultConfigurationName = Release;
		};
		CDED627D1BB37A6D00106BAD /* Build configuration list for PBXNativeTarget "Meetup Finder" */ = {
			isa = XCConfigurationList;
			buildConfigurations = (
				CDED627E1BB37A6D00106BAD /* Debug */,
				CDED627F1BB37A6D00106BAD /* Release */,
			);
			defaultConfigurationIsVisible = 0;
			defaultConfigurationName = Release;
		};
/* End XCConfigurationList section */
	};
	rootObject = CDED62631BB37A6D00106BAD /* Project object */;
}
